
Microsoft Visual Studio Solution File, Format Version 12.00
# Visual Studio 15
VisualStudioVersion = 15.0.27428.2015
MinimumVisualStudioVersion = 10.0.40219.1
Project("{FAE04EC0-301F-11D3-BF4B-00C04F79EFBC}") = "MyLinkedList", "MyLinkedList\MyLinkedList.csproj", "{1C470193-C176-43E1-9D5C-D1726E98CA47}"
EndProject
Global
	GlobalSection(SolutionConfigurationPlatforms) = preSolution
		Debug|Any CPU = Debug|Any CPU
		Release|Any CPU = Release|Any CPU
	EndGlobalSection
	GlobalSection(ProjectConfigurationPlatforms) = postSolution
		{1C470193-C176-43E1-9D5C-D1726E98CA47}.Debug|Any CPU.ActiveCfg = Debug|Any CPU
		{1C470193-C176-43E1-9D5C-D1726E98CA47}.Debug|Any CPU.Build.0 = Debug|Any CPU
		{1C470193-C176-43E1-9D5C-D1726E98CA47}.Release|Any CPU.ActiveCfg = Release|Any CPU
		{1C470193-C176-43E1-9D5C-D1726E98CA47}.Release|Any CPU.Build.0 = Release|Any CPU
	EndGlobalSection
	GlobalSection(SolutionProperties) = preSolution
		HideSolutionNode = FALSE
	EndGlobalSection
	GlobalSection(ExtensibilityGlobals) = postSolution
		SolutionGuid = {63702B77-D026-47EB-B81B-E85F0B811A3A}
	EndGlobalSection
EndGlobal
