
Microsoft Visual Studio Solution File, Format Version 12.00
# Visual Studio 15
VisualStudioVersion = 15.0.27703.2018
MinimumVisualStudioVersion = 10.0.40219.1
Project("{FAE04EC0-301F-11D3-BF4B-00C04F79EFBC}") = "MyHeap", "MyHeap.csproj", "{6D76D003-75B8-46F9-8D02-E3D9B926494B}"
EndProject
Global
	GlobalSection(SolutionConfigurationPlatforms) = preSolution
		Debug|Any CPU = Debug|Any CPU
		Release|Any CPU = Release|Any CPU
	EndGlobalSection
	GlobalSection(ProjectConfigurationPlatforms) = postSolution
		{6D76D003-75B8-46F9-8D02-E3D9B926494B}.Debug|Any CPU.ActiveCfg = Debug|Any CPU
		{6D76D003-75B8-46F9-8D02-E3D9B926494B}.Debug|Any CPU.Build.0 = Debug|Any CPU
		{6D76D003-75B8-46F9-8D02-E3D9B926494B}.Release|Any CPU.ActiveCfg = Release|Any CPU
		{6D76D003-75B8-46F9-8D02-E3D9B926494B}.Release|Any CPU.Build.0 = Release|Any CPU
	EndGlobalSection
	GlobalSection(SolutionProperties) = preSolution
		HideSolutionNode = FALSE
	EndGlobalSection
	GlobalSection(ExtensibilityGlobals) = postSolution
		SolutionGuid = {0B905317-770E-4DE4-B9C9-97BC827D5EA6}
	EndGlobalSection
EndGlobal
